
Microsoft Visual Studio Solution File, Format Version 12.00
# Visual Studio 15
Project("{FAE04EC0-301F-11D3-BF4B-00C04F79EFBC}") = "MobileComputing.Android", "MobileComputing.Android\MobileComputing.Android.csproj", "{1153091A-D9B9-44D3-8BF4-8F0156DD091C}"
EndProject
Project("{FAE04EC0-301F-11D3-BF4B-00C04F79EFBC}") = "MobileComputing.iOS", "MobileComputing.iOS\MobileComputing.iOS.csproj", "{7C512EEA-5000-4715-AEF5-1ED220D5C211}"
EndProject
Project("{FAE04EC0-301F-11D3-BF4B-00C04F79EFBC}") = "MobileComputing", "MobileComputing\MobileComputing.csproj", "{7B8620F3-119A-458E-BF9A-4CE4FAED3D07}"
EndProject
Global
	GlobalSection(SolutionConfigurationPlatforms) = preSolution
		Debug|Any CPU = Debug|Any CPU
		Release|Any CPU = Release|Any CPU
		Debug|iPhoneSimulator = Debug|iPhoneSimulator
		Release|iPhoneSimulator = Release|iPhoneSimulator
		Debug|iPhone = Debug|iPhone
		Release|iPhone = Release|iPhone
		Ad-Hoc|iPhone = Ad-Hoc|iPhone
		AppStore|iPhone = AppStore|iPhone
	EndGlobalSection
	GlobalSection(ProjectConfigurationPlatforms) = postSolution
		{1153091A-D9B9-44D3-8BF4-8F0156DD091C}.Debug|Any CPU.ActiveCfg = Debug|Any CPU
		{1153091A-D9B9-44D3-8BF4-8F0156DD091C}.Debug|Any CPU.Build.0 = Debug|Any CPU
		{1153091A-D9B9-44D3-8BF4-8F0156DD091C}.Release|Any CPU.ActiveCfg = Release|Any CPU
		{1153091A-D9B9-44D3-8BF4-8F0156DD091C}.Release|Any CPU.Build.0 = Release|Any CPU
		{1153091A-D9B9-44D3-8BF4-8F0156DD091C}.Debug|iPhoneSimulator.ActiveCfg = Debug|Any CPU
		{1153091A-D9B9-44D3-8BF4-8F0156DD091C}.Debug|iPhoneSimulator.Build.0 = Debug|Any CPU
		{1153091A-D9B9-44D3-8BF4-8F0156DD091C}.Release|iPhoneSimulator.ActiveCfg = Release|Any CPU
		{1153091A-D9B9-44D3-8BF4-8F0156DD091C}.Release|iPhoneSimulator.Build.0 = Release|Any CPU
		{1153091A-D9B9-44D3-8BF4-8F0156DD091C}.Debug|iPhone.ActiveCfg = Debug|Any CPU
		{1153091A-D9B9-44D3-8BF4-8F0156DD091C}.Debug|iPhone.Build.0 = Debug|Any CPU
		{1153091A-D9B9-44D3-8BF4-8F0156DD091C}.Release|iPhone.ActiveCfg = Release|Any CPU
		{1153091A-D9B9-44D3-8BF4-8F0156DD091C}.Release|iPhone.Build.0 = Release|Any CPU
		{1153091A-D9B9-44D3-8BF4-8F0156DD091C}.Ad-Hoc|iPhone.ActiveCfg = Debug|Any CPU
		{1153091A-D9B9-44D3-8BF4-8F0156DD091C}.Ad-Hoc|iPhone.Build.0 = Debug|Any CPU
		{1153091A-D9B9-44D3-8BF4-8F0156DD091C}.AppStore|iPhone.ActiveCfg = Debug|Any CPU
		{1153091A-D9B9-44D3-8BF4-8F0156DD091C}.AppStore|iPhone.Build.0 = Debug|Any CPU
		{7C512EEA-5000-4715-AEF5-1ED220D5C211}.Debug|Any CPU.ActiveCfg = Debug|iPhoneSimulator
		{7C512EEA-5000-4715-AEF5-1ED220D5C211}.Debug|Any CPU.Build.0 = Debug|iPhoneSimulator
		{7C512EEA-5000-4715-AEF5-1ED220D5C211}.Release|Any CPU.ActiveCfg = Release|iPhoneSimulator
		{7C512EEA-5000-4715-AEF5-1ED220D5C211}.Release|Any CPU.Build.0 = Release|iPhoneSimulator
		{7C512EEA-5000-4715-AEF5-1ED220D5C211}.Debug|iPhoneSimulator.ActiveCfg = Debug|iPhoneSimulator
		{7C512EEA-5000-4715-AEF5-1ED220D5C211}.Debug|iPhoneSimulator.Build.0 = Debug|iPhoneSimulator
		{7C512EEA-5000-4715-AEF5-1ED220D5C211}.Release|iPhoneSimulator.ActiveCfg = Release|iPhoneSimulator
		{7C512EEA-5000-4715-AEF5-1ED220D5C211}.Release|iPhoneSimulator.Build.0 = Release|iPhoneSimulator
		{7C512EEA-5000-4715-AEF5-1ED220D5C211}.Debug|iPhone.ActiveCfg = Debug|iPhone
		{7C512EEA-5000-4715-AEF5-1ED220D5C211}.Debug|iPhone.Build.0 = Debug|iPhone
		{7C512EEA-5000-4715-AEF5-1ED220D5C211}.Release|iPhone.ActiveCfg = Release|iPhone
		{7C512EEA-5000-4715-AEF5-1ED220D5C211}.Release|iPhone.Build.0 = Release|iPhone
		{7C512EEA-5000-4715-AEF5-1ED220D5C211}.Ad-Hoc|iPhone.ActiveCfg = Ad-Hoc|iPhone
		{7C512EEA-5000-4715-AEF5-1ED220D5C211}.Ad-Hoc|iPhone.Build.0 = Ad-Hoc|iPhone
		{7C512EEA-5000-4715-AEF5-1ED220D5C211}.AppStore|iPhone.ActiveCfg = AppStore|iPhone
		{7C512EEA-5000-4715-AEF5-1ED220D5C211}.AppStore|iPhone.Build.0 = AppStore|iPhone
		{7B8620F3-119A-458E-BF9A-4CE4FAED3D07}.Debug|Any CPU.ActiveCfg = Debug|Any CPU
		{7B8620F3-119A-458E-BF9A-4CE4FAED3D07}.Debug|Any CPU.Build.0 = Debug|Any CPU
		{7B8620F3-119A-458E-BF9A-4CE4FAED3D07}.Release|Any CPU.ActiveCfg = Release|Any CPU
		{7B8620F3-119A-458E-BF9A-4CE4FAED3D07}.Release|Any CPU.Build.0 = Release|Any CPU
		{7B8620F3-119A-458E-BF9A-4CE4FAED3D07}.Debug|iPhoneSimulator.ActiveCfg = Debug|Any CPU
		{7B8620F3-119A-458E-BF9A-4CE4FAED3D07}.Debug|iPhoneSimulator.Build.0 = Debug|Any CPU
		{7B8620F3-119A-458E-BF9A-4CE4FAED3D07}.Release|iPhoneSimulator.ActiveCfg = Release|Any CPU
		{7B8620F3-119A-458E-BF9A-4CE4FAED3D07}.Release|iPhoneSimulator.Build.0 = Release|Any CPU
		{7B8620F3-119A-458E-BF9A-4CE4FAED3D07}.Debug|iPhone.ActiveCfg = Debug|Any CPU
		{7B8620F3-119A-458E-BF9A-4CE4FAED3D07}.Debug|iPhone.Build.0 = Debug|Any CPU
		{7B8620F3-119A-458E-BF9A-4CE4FAED3D07}.Release|iPhone.ActiveCfg = Release|Any CPU
		{7B8620F3-119A-458E-BF9A-4CE4FAED3D07}.Release|iPhone.Build.0 = Release|Any CPU
		{7B8620F3-119A-458E-BF9A-4CE4FAED3D07}.Ad-Hoc|iPhone.ActiveCfg = Debug|Any CPU
		{7B8620F3-119A-458E-BF9A-4CE4FAED3D07}.Ad-Hoc|iPhone.Build.0 = Debug|Any CPU
		{7B8620F3-119A-458E-BF9A-4CE4FAED3D07}.AppStore|iPhone.ActiveCfg = Debug|Any CPU
		{7B8620F3-119A-458E-BF9A-4CE4FAED3D07}.AppStore|iPhone.Build.0 = Debug|Any CPU
	EndGlobalSection
EndGlobal
